
Microsoft Visual Studio Solution File, Format Version 12.00
# Visual Studio Version 17
VisualStudioVersion = 17.8.34330.188
MinimumVisualStudioVersion = 10.0.40219.1
Project("{FAE04EC0-301F-11D3-BF4B-00C04F79EFBC}") = "231116032 Yusuf Ziya Kaplan P2", "231116032 Yusuf Ziya Kaplan P2\231116032 Yusuf Ziya Kaplan P2.csproj", "{B87CCB3F-F768-4F3E-851B-8BE87B293655}"
EndProject
Global
	GlobalSection(SolutionConfigurationPlatforms) = preSolution
		Debug|Any CPU = Debug|Any CPU
		Release|Any CPU = Release|Any CPU
	EndGlobalSection
	GlobalSection(ProjectConfigurationPlatforms) = postSolution
		{B87CCB3F-F768-4F3E-851B-8BE87B293655}.Debug|Any CPU.ActiveCfg = Debug|Any CPU
		{B87CCB3F-F768-4F3E-851B-8BE87B293655}.Debug|Any CPU.Build.0 = Debug|Any CPU
		{B87CCB3F-F768-4F3E-851B-8BE87B293655}.Release|Any CPU.ActiveCfg = Release|Any CPU
		{B87CCB3F-F768-4F3E-851B-8BE87B293655}.Release|Any CPU.Build.0 = Release|Any CPU
	EndGlobalSection
	GlobalSection(SolutionProperties) = preSolution
		HideSolutionNode = FALSE
	EndGlobalSection
	GlobalSection(ExtensibilityGlobals) = postSolution
		SolutionGuid = {228ED311-05E7-4F24-A3F5-51E48AF92120}
	EndGlobalSection
EndGlobal
